PODS:
  - CodableFirebase (0.0.5)
  - Eureka (4.0.1)
  - Firebase/Auth (4.8.2):
    - Firebase/Core
    - FirebaseAuth (= 4.4.2)
  - Firebase/Core (4.8.2):
    - FirebaseAnalytics (= 4.0.9)
    - FirebaseCore (= 4.0.14)
  - Firebase/Database (4.8.2):
    - Firebase/Core
    - FirebaseDatabase (= 4.1.4)
  - FirebaseAnalytics (4.0.9):
    - FirebaseCore (~> 4.0)
    - FirebaseInstanceID (~> 2.0)
    - GoogleToolboxForMac/NSData+zlib (~> 2.1)
    - nanopb (~> 0.3)
  - FirebaseAuth (4.4.2):
    - FirebaseAnalytics (~> 4.0)
    - GoogleToolboxForMac/NSDictionary+URLArguments (~> 2.1)
    - GTMSessionFetcher/Core (~> 1.1)
  - FirebaseCore (4.0.14):
    - GoogleToolboxForMac/NSData+zlib (~> 2.1)
  - FirebaseDatabase (4.1.4):
    - FirebaseAnalytics (~> 4.0)
    - FirebaseCore (~> 4.0)
    - leveldb-library (~> 1.18)
  - FirebaseInstanceID (2.0.8):
    - FirebaseCore (~> 4.0)
  - FuzzyMatchingSwift (0.7.0)
  - GoogleToolboxForMac/DebugUtils (2.1.3):
    - GoogleToolboxForMac/Defines (= 2.1.3)
  - GoogleToolboxForMac/Defines (2.1.3)
  - GoogleToolboxForMac/NSData+zlib (2.1.3):
    - GoogleToolboxForMac/Defines (= 2.1.3)
  - GoogleToolboxForMac/NSDictionary+URLArguments (2.1.3):
    - GoogleToolboxForMac/DebugUtils (= 2.1.3)
    - GoogleToolboxForMac/Defines (= 2.1.3)
    - GoogleToolboxForMac/NSString+URLArguments (= 2.1.3)
  - GoogleToolboxForMac/NSString+URLArguments (2.1.3)
  - GTMSessionFetcher/Core (1.1.13)
  - IndoorAtlas (2.6.0)
  - leveldb-library (1.20)
  - nanopb (0.3.8):
    - nanopb/decode (= 0.3.8)
    - nanopb/encode (= 0.3.8)
  - nanopb/decode (0.3.8)
  - nanopb/encode (0.3.8)
  - SVProgressHUD (2.2.5)

DEPENDENCIES:
  - CodableFirebase
  - Eureka
  - Firebase/Auth
  - Firebase/Core
  - Firebase/Database
  - FuzzyMatchingSwift
  - IndoorAtlas
  - SVProgressHUD (from `https://github.com/SVProgressHUD/SVProgressHUD.git`)

EXTERNAL SOURCES:
  SVProgressHUD:
    :git: https://github.com/SVProgressHUD/SVProgressHUD.git

CHECKOUT OPTIONS:
  SVProgressHUD:
    :commit: 61c1f02c2587831cebca094bed6f228ed8c314b0
    :git: https://github.com/SVProgressHUD/SVProgressHUD.git

SPEC CHECKSUMS:
  CodableFirebase: b13321acfec878cbcda93faf84c985f4d69ec2f1
  Eureka: c8bd5cc07143b6f66268c208d28a246c99b41955
  Firebase: 7d3b8cd837ad9fcd391657734c0d56dab8e9a5a3
  FirebaseAnalytics: 388b630c15713f5dbf364071f5f3d6077fb52f4e
  FirebaseAuth: bd2738c5c1e92b108ba5f7f7335908097a4e50bb
  FirebaseCore: 2e0b98fb2d64ca8140136beff15772bdd14d2dd7
  FirebaseDatabase: de4446507ccd3257fca37d16f40e1540324571fd
  FirebaseInstanceID: 81df5805a08001e69138664bdd02c6719a9ac80f
  FuzzyMatchingSwift: bcbeda92c3d16dc338b4bfa655d5848d66b884dd
  GoogleToolboxForMac: 2501e2ad72a52eb3dfe7bd9aee7dad11b858bd20
  GTMSessionFetcher: 5bb1eae636127de695590f50e7d248483eb891e6
  IndoorAtlas: 96d794362e397d018d33a7922386fe8b87f6310b
  leveldb-library: 08cba283675b7ed2d99629a4bc5fd052cd2bb6a5
  nanopb: 5601e6bca2dbf1ed831b519092ec110f66982ca3
  SVProgressHUD: 1428aafac632c1f86f62aa4243ec12008d7a51d6

PODFILE CHECKSUM: 739260d40642088433c9ef5caeff74e8302c315d

COCOAPODS: 1.4.0
